
Microsoft Visual Studio Solution File, Format Version 12.00
# Visual Studio 2015
Project("{FAE04EC0-301F-11D3-BF4B-00C04F79EFBC}") = "JokerScriptTestProject.CSharp", "JokerScriptTestProject.CSharp.csproj", "{953186CF-B140-9B42-EACE-8A827A9C766D}"
EndProject
Project("{FAE04EC0-301F-11D3-BF4B-00C04F79EFBC}") = "JokerScriptTestProject.CSharp.Editor", "JokerScriptTestProject.CSharp.Editor.csproj", "{4C89359F-1928-B430-6DFF-7D91E85F0996}"
EndProject
Global
	GlobalSection(SolutionConfigurationPlatforms) = preSolution
		Debug|Any CPU = Debug|Any CPU
		Release|Any CPU = Release|Any CPU
	EndGlobalSection
	GlobalSection(ProjectConfigurationPlatforms) = postSolution
		{953186CF-B140-9B42-EACE-8A827A9C766D}.Debug|Any CPU.ActiveCfg = Debug|Any CPU
		{953186CF-B140-9B42-EACE-8A827A9C766D}.Debug|Any CPU.Build.0 = Debug|Any CPU
		{953186CF-B140-9B42-EACE-8A827A9C766D}.Release|Any CPU.ActiveCfg = Release|Any CPU
		{953186CF-B140-9B42-EACE-8A827A9C766D}.Release|Any CPU.Build.0 = Release|Any CPU
		{4C89359F-1928-B430-6DFF-7D91E85F0996}.Debug|Any CPU.ActiveCfg = Debug|Any CPU
		{4C89359F-1928-B430-6DFF-7D91E85F0996}.Debug|Any CPU.Build.0 = Debug|Any CPU
		{4C89359F-1928-B430-6DFF-7D91E85F0996}.Release|Any CPU.ActiveCfg = Release|Any CPU
		{4C89359F-1928-B430-6DFF-7D91E85F0996}.Release|Any CPU.Build.0 = Release|Any CPU
	EndGlobalSection
	GlobalSection(SolutionProperties) = preSolution
		HideSolutionNode = FALSE
	EndGlobalSection
EndGlobal
